# This file is automatically @generated by Cargo.
# It is not intended for manual editing.
version = 4

[[package]]
name = "anyhow"
version = "1.0.99"
source = "registry+https://github.com/rust-lang/crates.io-index"
checksum = "b0674a1ddeecb70197781e945de4b3b8ffb61fa939a5597bcf48503737663100"

[[package]]
name = "approx"
version = "0.5.1"
source = "registry+https://github.com/rust-lang/crates.io-index"
checksum = "cab112f0a86d568ea0e627cc1d6be74a1e9cd55214684db5561995f6dad897c6"
dependencies = [
 "num-traits",
]

[[package]]
name = "askama"
version = "0.14.0"
source = "registry+https://github.com/rust-lang/crates.io-index"
checksum = "f75363874b771be265f4ffe307ca705ef6f3baa19011c149da8674a87f1b75c4"
dependencies = [
 "askama_derive",
 "itoa",
 "percent-encoding",
 "serde",
 "serde_json",
]

[[package]]
name = "askama_derive"
version = "0.14.0"
source = "registry+https://github.com/rust-lang/crates.io-index"
checksum = "129397200fe83088e8a68407a8e2b1f826cf0086b21ccdb866a722c8bcd3a94f"
dependencies = [
 "askama_parser",
 "memchr",
 "proc-macro2",
 "quote",
 "rustc-hash",
 "syn",
]

[[package]]
name = "askama_parser"
version = "0.14.0"
source = "registry+https://github.com/rust-lang/crates.io-index"
checksum = "d6ab5630b3d5eaf232620167977f95eb51f3432fc76852328774afbd242d4358"
dependencies = [
 "memchr",
 "winnow 0.7.13",
]

[[package]]
name = "ats_common"
version = "0.1.0"
source = "git+https://github.com/odysseyarm/ats_common.git#5b9f1f03035329a187553c36c327497c66c677cf"
dependencies = [
 "nalgebra",
 "num",
 "opencv-ros-camera",
 "serde",
 "serde_json",
 "simba",
]

[[package]]
name = "autocfg"
version = "1.4.0"
source = "registry+https://github.com/rust-lang/crates.io-index"
checksum = "ace50bade8e6234aa140d9a2f552bbee1db4d353f69b8217bc503490fc1a9f26"

[[package]]
name = "az"
version = "1.2.1"
source = "registry+https://github.com/rust-lang/crates.io-index"
checksum = "7b7e4c2464d97fe331d41de9d5db0def0a96f4d823b8b32a2efd503578988973"

[[package]]
name = "bare-metal"
version = "0.2.5"
source = "registry+https://github.com/rust-lang/crates.io-index"
checksum = "5deb64efa5bd81e31fcd1938615a6d98c82eafcbcd787162b6f63b91d6bac5b3"
dependencies = [
 "rustc_version",
]

[[package]]
name = "bitfield"
version = "0.13.2"
source = "registry+https://github.com/rust-lang/crates.io-index"
checksum = "46afbd2983a5d5a7bd740ccb198caf5b82f45c40c09c0eed36052d91cb92e719"

[[package]]
name = "bitflags"
version = "1.3.2"
source = "registry+https://github.com/rust-lang/crates.io-index"
checksum = "bef38d45163c2f1dde094a7dfd33ccf595c92905c8f8f4fdc18d06fb1037718a"

[[package]]
name = "bitflags"
version = "2.7.0"
source = "registry+https://github.com/rust-lang/crates.io-index"
checksum = "1be3f42a67d6d345ecd59f675f3f012d6974981560836e938c22b424b85ce1be"

[[package]]
name = "bitvec"
version = "1.0.1"
source = "registry+https://github.com/rust-lang/crates.io-index"
checksum = "1bc2832c24239b0141d5674bb9174f9d68a8b5b3f2753311927c172ca46f7e9c"
dependencies = [
 "funty",
 "radium",
 "tap",
 "wyz",
]

[[package]]
name = "bytemuck"
version = "1.23.2"
source = "registry+https://github.com/rust-lang/crates.io-index"
checksum = "3995eaeebcdf32f91f980d360f78732ddc061097ab4e39991ae7a6ace9194677"
dependencies = [
 "bytemuck_derive",
]

[[package]]
name = "bytemuck_derive"
version = "1.10.1"
source = "registry+https://github.com/rust-lang/crates.io-index"
checksum = "4f154e572231cb6ba2bd1176980827e3d5dc04cc183a75dea38109fbdd672d29"
dependencies = [
 "proc-macro2",
 "quote",
 "syn",
]

[[package]]
name = "byteorder"
version = "1.5.0"
source = "registry+https://github.com/rust-lang/crates.io-index"
checksum = "1fd0f2584146f6f2ef48085050886acf353beff7305ebd1ae69500e27c67f64b"

[[package]]
name = "cam-geom"
version = "0.15.3"
source = "registry+https://github.com/rust-lang/crates.io-index"
checksum = "68bc8cb6042071da22fa9ff51380eab702478a09be20ccf828e3a666c3d9dbc9"
dependencies = [
 "approx",
 "itertools",
 "nalgebra",
]

[[package]]
name = "cfg-if"
version = "1.0.0"
source = "registry+https://github.com/rust-lang/crates.io-index"
checksum = "baf1de4339761588bc0619e3cbc0120ee582ebb74b53b4efbf79117bd2da40fd"

[[package]]
name = "convert_case"
version = "0.6.0"
source = "registry+https://github.com/rust-lang/crates.io-index"
checksum = "ec182b0ca2f35d8fc196cf3404988fd8b8c739a4d270ff118a398feb0cbec1ca"
dependencies = [
 "unicode-segmentation",
]

[[package]]
name = "cortex-m"
version = "0.7.7"
source = "registry+https://github.com/rust-lang/crates.io-index"
checksum = "8ec610d8f49840a5b376c69663b6369e71f4b34484b9b2eb29fb918d92516cb9"
dependencies = [
 "bare-metal",
 "bitfield",
 "embedded-hal 0.2.7",
 "volatile-register",
]

[[package]]
name = "cortex-m-rt"
version = "0.7.5"
source = "registry+https://github.com/rust-lang/crates.io-index"
checksum = "801d4dec46b34c299ccf6b036717ae0fce602faa4f4fe816d9013b9a7c9f5ba6"
dependencies = [
 "cortex-m-rt-macros",
]

[[package]]
name = "cortex-m-rt-macros"
version = "0.7.5"
source = "registry+https://github.com/rust-lang/crates.io-index"
checksum = "e37549a379a9e0e6e576fd208ee60394ccb8be963889eebba3ffe0980364f472"
dependencies = [
 "proc-macro2",
 "quote",
 "syn",
]

[[package]]
name = "critical-section"
version = "1.2.0"
source = "registry+https://github.com/rust-lang/crates.io-index"
checksum = "790eea4361631c5e7d22598ecd5723ff611904e3344ce8720784c93e3d83d40b"

[[package]]
name = "crunchy"
version = "0.2.2"
source = "registry+https://github.com/rust-lang/crates.io-index"
checksum = "7a81dae078cea95a014a339291cec439d2f232ebe854a9d672b796c6afafa9b7"

[[package]]
name = "defmt"
version = "0.3.10"
source = "registry+https://github.com/rust-lang/crates.io-index"
checksum = "86f6162c53f659f65d00619fe31f14556a6e9f8752ccc4a41bd177ffcf3d6130"
dependencies = [
 "bitflags 1.3.2",
 "defmt-macros",
]

[[package]]
name = "defmt-macros"
version = "0.4.0"
source = "registry+https://github.com/rust-lang/crates.io-index"
checksum = "9d135dd939bad62d7490b0002602d35b358dce5fd9233a709d3c1ef467d4bde6"
dependencies = [
 "defmt-parser",
 "proc-macro-error2",
 "proc-macro2",
 "quote",
 "syn",
]

[[package]]
name = "defmt-parser"
version = "0.4.1"
source = "registry+https://github.com/rust-lang/crates.io-index"
checksum = "3983b127f13995e68c1e29071e5d115cd96f215ccb5e6812e3728cd6f92653b3"
dependencies = [
 "thiserror 2.0.16",
]

[[package]]
name = "device-driver"
version = "1.0.7"
source = "registry+https://github.com/rust-lang/crates.io-index"
checksum = "af0e43acfcbb0bb3b7435cc1b1dbb33596cacfec1eb243336b74a398e0bd6cbf"
dependencies = [
 "device-driver-macros",
 "embedded-io",
 "embedded-io-async",
]

[[package]]
name = "device-driver-generation"
version = "1.0.7"
source = "registry+https://github.com/rust-lang/crates.io-index"
checksum = "3935aec9cf5bb2ab927f59ca69faecf976190390b0ce34c6023889e9041040c0"
dependencies = [
 "anyhow",
 "askama",
 "bitvec",
 "convert_case",
 "itertools",
 "kdl",
 "proc-macro2",
 "quote",
 "syn",
]

[[package]]
name = "device-driver-macros"
version = "1.0.7"
source = "registry+https://github.com/rust-lang/crates.io-index"
checksum = "4fdc68ed515c4eddff2e95371185b4becba066085bf36d50f07f09782af98e17"
dependencies = [
 "device-driver-generation",
 "proc-macro2",
 "syn",
]

[[package]]
name = "document-features"
version = "0.2.10"
source = "registry+https://github.com/rust-lang/crates.io-index"
checksum = "cb6969eaabd2421f8a2775cfd2471a2b634372b4a25d41e3bd647b79912850a0"
dependencies = [
 "litrs",
]

[[package]]
name = "either"
version = "1.15.0"
source = "registry+https://github.com/rust-lang/crates.io-index"
checksum = "48c757948c5ede0e46177b7add2e67155f70e33c07fea8284df6576da70b3719"

[[package]]
name = "embassy-embedded-hal"
version = "0.3.0"
source = "registry+https://github.com/rust-lang/crates.io-index"
checksum = "41fea5ef5bed4d3468dfd44f5c9fa4cda8f54c86d4fb4ae683eacf9d39e2ea12"
dependencies = [
 "embassy-futures",
 "embassy-sync",
 "embedded-hal 0.2.7",
 "embedded-hal 1.0.0",
 "embedded-hal-async",
 "embedded-storage",
 "embedded-storage-async",
 "nb 1.1.0",
]

[[package]]
name = "embassy-futures"
version = "0.1.1"
source = "registry+https://github.com/rust-lang/crates.io-index"
checksum = "1f878075b9794c1e4ac788c95b728f26aa6366d32eeb10c7051389f898f7d067"

[[package]]
name = "embassy-hal-internal"
version = "0.2.0"
source = "registry+https://github.com/rust-lang/crates.io-index"
checksum = "0ef3bac31ec146321248a169e9c7b5799f1e0b3829c7a9b324cb4600a7438f59"
dependencies = [
 "cortex-m",
 "critical-section",
 "num-traits",
]

[[package]]
name = "embassy-nrf"
version = "0.3.1"
source = "registry+https://github.com/rust-lang/crates.io-index"
checksum = "6d7494efe1e0183568327c7e681d4b77ed5241921dcb5976426d9a65b65a0c81"
dependencies = [
 "bitflags 2.7.0",
 "cfg-if",
 "cortex-m",
 "cortex-m-rt",
 "critical-section",
 "document-features",
 "embassy-embedded-hal",
 "embassy-hal-internal",
 "embassy-sync",
 "embassy-usb-driver",
 "embedded-hal 0.2.7",
 "embedded-hal 1.0.0",
 "embedded-hal-async",
 "embedded-io",
 "embedded-io-async",
 "embedded-storage",
 "embedded-storage-async",
 "fixed",
 "nrf-pac",
 "rand_core",
]

[[package]]
name = "embassy-sync"
version = "0.6.1"
source = "registry+https://github.com/rust-lang/crates.io-index"
checksum = "3899a6e39fa3f54bf8aaf00979f9f9c0145a522f7244810533abbb748be6ce82"
dependencies = [
 "cfg-if",
 "critical-section",
 "embedded-io-async",
 "futures-sink",
 "futures-util",
 "heapless",
]

[[package]]
name = "embassy-time"
version = "0.4.0"
source = "registry+https://github.com/rust-lang/crates.io-index"
checksum = "f820157f198ada183ad62e0a66f554c610cdcd1a9f27d4b316358103ced7a1f8"
dependencies = [
 "cfg-if",
 "critical-section",
 "document-features",
 "embassy-time-driver",
 "embedded-hal 0.2.7",
 "embedded-hal 1.0.0",
 "embedded-hal-async",
 "futures-util",
]

[[package]]
name = "embassy-time-driver"
version = "0.2.0"
source = "registry+https://github.com/rust-lang/crates.io-index"
checksum = "8d45f5d833b6d98bd2aab0c2de70b18bfaa10faf661a1578fd8e5dfb15eb7eba"
dependencies = [
 "document-features",
]

[[package]]
name = "embassy-usb-driver"
version = "0.1.0"
source = "registry+https://github.com/rust-lang/crates.io-index"
checksum = "4fc247028eae04174b6635104a35b1ed336aabef4654f5e87a8f32327d231970"

[[package]]
name = "embedded-hal"
version = "0.2.7"
source = "registry+https://github.com/rust-lang/crates.io-index"
checksum = "35949884794ad573cf46071e41c9b60efb0cb311e3ca01f7af807af1debc66ff"
dependencies = [
 "nb 0.1.3",
 "void",
]

[[package]]
name = "embedded-hal"
version = "1.0.0"
source = "registry+https://github.com/rust-lang/crates.io-index"
checksum = "361a90feb7004eca4019fb28352a9465666b24f840f5c3cddf0ff13920590b89"

[[package]]
name = "embedded-hal-async"
version = "1.0.0"
source = "registry+https://github.com/rust-lang/crates.io-index"
checksum = "0c4c685bbef7fe13c3c6dd4da26841ed3980ef33e841cddfa15ce8a8fb3f1884"
dependencies = [
 "embedded-hal 1.0.0",
]

[[package]]
name = "embedded-io"
version = "0.6.1"
source = "registry+https://github.com/rust-lang/crates.io-index"
checksum = "edd0f118536f44f5ccd48bcb8b111bdc3de888b58c74639dfb034a357d0f206d"

[[package]]
name = "embedded-io-async"
version = "0.6.1"
source = "registry+https://github.com/rust-lang/crates.io-index"
checksum = "3ff09972d4073aa8c299395be75161d582e7629cd663171d62af73c8d50dba3f"
dependencies = [
 "embedded-io",
]

[[package]]
name = "embedded-storage"
version = "0.3.1"
source = "registry+https://github.com/rust-lang/crates.io-index"
checksum = "a21dea9854beb860f3062d10228ce9b976da520a73474aed3171ec276bc0c032"

[[package]]
name = "embedded-storage-async"
version = "0.4.1"
source = "registry+https://github.com/rust-lang/crates.io-index"
checksum = "1763775e2323b7d5f0aa6090657f5e21cfa02ede71f5dc40eead06d64dcd15cc"
dependencies = [
 "embedded-storage",
]

[[package]]
name = "enumn"
version = "0.1.14"
source = "registry+https://github.com/rust-lang/crates.io-index"
checksum = "2f9ed6b3789237c8a0c1c505af1c7eb2c560df6186f01b098c3a1064ea532f38"
dependencies = [
 "proc-macro2",
 "quote",
 "syn",
]

[[package]]
name = "fixed"
version = "1.28.0"
source = "registry+https://github.com/rust-lang/crates.io-index"
checksum = "85c6e0b89bf864acd20590dbdbad56f69aeb898abfc9443008fd7bd48b2cc85a"
dependencies = [
 "az",
 "bytemuck",
 "half",
 "typenum",
]

[[package]]
name = "funty"
version = "2.0.0"
source = "registry+https://github.com/rust-lang/crates.io-index"
checksum = "e6d5a32815ae3f33302d95fdcb2ce17862f8c65363dcfd29360480ba1001fc9c"

[[package]]
name = "futures-core"
version = "0.3.31"
source = "registry+https://github.com/rust-lang/crates.io-index"
checksum = "05f29059c0c2090612e8d742178b0580d2dc940c837851ad723096f87af6663e"

[[package]]
name = "futures-sink"
version = "0.3.31"
source = "registry+https://github.com/rust-lang/crates.io-index"
checksum = "e575fab7d1e0dcb8d0c7bcf9a63ee213816ab51902e6d244a95819acacf1d4f7"

[[package]]
name = "futures-task"
version = "0.3.31"
source = "registry+https://github.com/rust-lang/crates.io-index"
checksum = "f90f7dce0722e95104fcb095585910c0977252f286e354b5e3bd38902cd99988"

[[package]]
name = "futures-util"
version = "0.3.31"
source = "registry+https://github.com/rust-lang/crates.io-index"
checksum = "9fa08315bb612088cc391249efdc3bc77536f16c91f6cf495e6fbe85b20a4a81"
dependencies = [
 "futures-core",
 "futures-task",
 "pin-project-lite",
 "pin-utils",
]

[[package]]
name = "half"
version = "2.4.1"
source = "registry+https://github.com/rust-lang/crates.io-index"
checksum = "6dd08c532ae367adf81c312a4580bc67f1d0fe8bc9c460520283f4c0ff277888"
dependencies = [
 "cfg-if",
 "crunchy",
]

[[package]]
name = "hash32"
version = "0.3.1"
source = "registry+https://github.com/rust-lang/crates.io-index"
checksum = "47d60b12902ba28e2730cd37e95b8c9223af2808df9e902d4df49588d1470606"
dependencies = [
 "byteorder",
]

[[package]]
name = "heapless"
version = "0.8.0"
source = "registry+https://github.com/rust-lang/crates.io-index"
checksum = "0bfb9eb618601c89945a70e254898da93b13be0388091d42117462b265bb3fad"
dependencies = [
 "hash32",
 "stable_deref_trait",
]

[[package]]
name = "itertools"
version = "0.14.0"
source = "registry+https://github.com/rust-lang/crates.io-index"
checksum = "2b192c782037fadd9cfa75548310488aabdbf3d2da73885b31bd0abd03351285"
dependencies = [
 "either",
]

[[package]]
name = "itoa"
version = "1.0.15"
source = "registry+https://github.com/rust-lang/crates.io-index"
checksum = "4a5f13b858c8d314ee3e8f639011f7ccefe71f97f96e50151fb991f267928e2c"

[[package]]
name = "kdl"
version = "6.3.4"
source = "registry+https://github.com/rust-lang/crates.io-index"
checksum = "12661358400b02cbbf1fbd05f0a483335490e8a6bd1867620f2eeb78f304a22f"
dependencies = [
 "miette",
 "num",
 "thiserror 1.0.69",
 "winnow 0.6.24",
]

[[package]]
name = "libm"
version = "0.2.15"
source = "registry+https://github.com/rust-lang/crates.io-index"
checksum = "f9fbbcab51052fe104eb5e5d351cf728d30a5be1fe14d9be8a3b097481fb97de"

[[package]]
name = "litrs"
version = "0.4.1"
source = "registry+https://github.com/rust-lang/crates.io-index"
checksum = "b4ce301924b7887e9d637144fdade93f9dfff9b60981d4ac161db09720d39aa5"

[[package]]
name = "matrixmultiply"
version = "0.3.10"
source = "registry+https://github.com/rust-lang/crates.io-index"
checksum = "a06de3016e9fae57a36fd14dba131fccf49f74b40b7fbdb472f96e361ec71a08"
dependencies = [
 "autocfg",
 "rawpointer",
]

[[package]]
name = "memchr"
version = "2.7.5"
source = "registry+https://github.com/rust-lang/crates.io-index"
checksum = "32a282da65faaf38286cf3be983213fcf1d2e2a58700e808f83f4ea9a4804bc0"

[[package]]
name = "miette"
version = "7.6.0"
source = "registry+https://github.com/rust-lang/crates.io-index"
checksum = "5f98efec8807c63c752b5bd61f862c165c115b0a35685bdcfd9238c7aeb592b7"
dependencies = [
 "cfg-if",
 "miette-derive",
 "unicode-width",
]

[[package]]
name = "miette-derive"
version = "7.6.0"
source = "registry+https://github.com/rust-lang/crates.io-index"
checksum = "db5b29714e950dbb20d5e6f74f9dcec4edbcc1067bb7f8ed198c097b8c1a818b"
dependencies = [
 "proc-macro2",
 "quote",
 "syn",
]

[[package]]
name = "nalgebra"
version = "0.33.2"
source = "registry+https://github.com/rust-lang/crates.io-index"
checksum = "26aecdf64b707efd1310e3544d709c5c0ac61c13756046aaaba41be5c4f66a3b"
dependencies = [
 "approx",
 "bytemuck",
 "matrixmultiply",
 "nalgebra-macros",
 "num-complex",
 "num-rational",
 "num-traits",
 "serde",
 "simba",
 "typenum",
]

[[package]]
name = "nalgebra-macros"
version = "0.2.2"
source = "registry+https://github.com/rust-lang/crates.io-index"
checksum = "254a5372af8fc138e36684761d3c0cdb758a4410e938babcff1c860ce14ddbfc"
dependencies = [
 "proc-macro2",
 "quote",
 "syn",
]

[[package]]
name = "nb"
version = "0.1.3"
source = "registry+https://github.com/rust-lang/crates.io-index"
checksum = "801d31da0513b6ec5214e9bf433a77966320625a37860f910be265be6e18d06f"
dependencies = [
 "nb 1.1.0",
]

[[package]]
name = "nb"
version = "1.1.0"
source = "registry+https://github.com/rust-lang/crates.io-index"
checksum = "8d5439c4ad607c3c23abf66de8c8bf57ba8adcd1f129e699851a6e43935d339d"

[[package]]
name = "nrf-pac"
version = "0.1.0"
source = "registry+https://github.com/rust-lang/crates.io-index"
checksum = "d334027d6703534f2a80de0794ae435c0e029358d28278533d3935e69b221b01"
dependencies = [
 "cortex-m",
 "cortex-m-rt",
]

[[package]]
name = "num"
version = "0.4.3"
source = "registry+https://github.com/rust-lang/crates.io-index"
checksum = "35bd024e8b2ff75562e5f34e7f4905839deb4b22955ef5e73d2fea1b9813cb23"
dependencies = [
 "num-bigint",
 "num-complex",
 "num-integer",
 "num-iter",
 "num-rational",
 "num-traits",
]

[[package]]
name = "num-bigint"
version = "0.4.6"
source = "registry+https://github.com/rust-lang/crates.io-index"
checksum = "a5e44f723f1133c9deac646763579fdb3ac745e418f2a7af9cd0c431da1f20b9"
dependencies = [
 "num-integer",
 "num-traits",
]

[[package]]
name = "num-complex"
version = "0.4.6"
source = "registry+https://github.com/rust-lang/crates.io-index"
checksum = "73f88a1307638156682bada9d7604135552957b7818057dcef22705b4d509495"
dependencies = [
 "num-traits",
 "serde",
]

[[package]]
name = "num-integer"
version = "0.1.46"
source = "registry+https://github.com/rust-lang/crates.io-index"
checksum = "7969661fd2958a5cb096e56c8e1ad0444ac2bbcd0061bd28660485a44879858f"
dependencies = [
 "num-traits",
]

[[package]]
name = "num-iter"
version = "0.1.45"
source = "registry+https://github.com/rust-lang/crates.io-index"
checksum = "1429034a0490724d0075ebb2bc9e875d6503c3cf69e235a8941aa757d83ef5bf"
dependencies = [
 "autocfg",
 "num-integer",
 "num-traits",
]

[[package]]
name = "num-rational"
version = "0.4.2"
source = "registry+https://github.com/rust-lang/crates.io-index"
checksum = "f83d14da390562dca69fc84082e73e548e1ad308d24accdedd2720017cb37824"
dependencies = [
 "num-bigint",
 "num-integer",
 "num-traits",
]

[[package]]
name = "num-traits"
version = "0.2.19"
source = "registry+https://github.com/rust-lang/crates.io-index"
checksum = "071dfc062690e90b734c0b2273ce72ad0ffa95f0c74596bc250dcfd960262841"
dependencies = [
 "autocfg",
 "libm",
]

[[package]]
name = "opencv-ros-camera"
version = "0.15.2"
source = "registry+https://github.com/rust-lang/crates.io-index"
checksum = "2ad5e1fadd423d39279c0edddb9ef6fa61bb4b27da77d22ab60bf6e13c7b7cc7"
dependencies = [
 "cam-geom",
 "nalgebra",
]

[[package]]
name = "paj7025-nrf"
version = "0.1.0"
dependencies = [
 "defmt",
 "device-driver",
 "embassy-nrf",
 "embassy-time",
 "embedded-hal-async",
 "protodongers",
 "thiserror 2.0.16",
]

[[package]]
name = "paste"
version = "1.0.15"
source = "registry+https://github.com/rust-lang/crates.io-index"
checksum = "57c0d7b74b563b49d38dae00a0c37d4d6de9b432382b2892f0574ddcae73fd0a"

[[package]]
name = "percent-encoding"
version = "2.3.2"
source = "registry+https://github.com/rust-lang/crates.io-index"
checksum = "9b4f627cb1b25917193a259e49bdad08f671f8d9708acfd5fe0a8c1455d87220"

[[package]]
name = "pin-project-lite"
version = "0.2.16"
source = "registry+https://github.com/rust-lang/crates.io-index"
checksum = "3b3cff922bd51709b605d9ead9aa71031d81447142d828eb4a6eba76fe619f9b"

[[package]]
name = "pin-utils"
version = "0.1.0"
source = "registry+https://github.com/rust-lang/crates.io-index"
checksum = "8b870d8c151b6f2fb93e84a13146138f05d02ed11c7e7c54f8826aaaf7c9f184"

[[package]]
name = "proc-macro-error-attr2"
version = "2.0.0"
source = "registry+https://github.com/rust-lang/crates.io-index"
checksum = "96de42df36bb9bba5542fe9f1a054b8cc87e172759a1868aa05c1f3acc89dfc5"
dependencies = [
 "proc-macro2",
 "quote",
]

[[package]]
name = "proc-macro-error2"
version = "2.0.1"
source = "registry+https://github.com/rust-lang/crates.io-index"
checksum = "11ec05c52be0a07b08061f7dd003e7d7092e0472bc731b4af7bb1ef876109802"
dependencies = [
 "proc-macro-error-attr2",
 "proc-macro2",
 "quote",
 "syn",
]

[[package]]
name = "proc-macro2"
version = "1.0.92"
source = "registry+https://github.com/rust-lang/crates.io-index"
checksum = "37d3544b3f2748c54e147655edb5025752e2303145b5aefb3c3ea2c78b973bb0"
dependencies = [
 "unicode-ident",
]

[[package]]
name = "protodongers"
version = "0.1.0"
source = "git+https://github.com/odysseyarm/protodonge-rs#1f0c55c91c63286134fd33da4dd02a0206f831ae"
dependencies = [
 "ats_common",
 "bytemuck",
 "enumn",
 "nalgebra",
 "opencv-ros-camera",
 "static_assertions",
 "thiserror 2.0.16",
]

[[package]]
name = "quote"
version = "1.0.38"
source = "registry+https://github.com/rust-lang/crates.io-index"
checksum = "0e4dccaaaf89514f546c693ddc140f729f958c247918a13380cccc6078391acc"
dependencies = [
 "proc-macro2",
]

[[package]]
name = "radium"
version = "0.7.0"
source = "registry+https://github.com/rust-lang/crates.io-index"
checksum = "dc33ff2d4973d518d823d61aa239014831e521c75da58e3df4840d3f47749d09"

[[package]]
name = "rand_core"
version = "0.6.4"
source = "registry+https://github.com/rust-lang/crates.io-index"
checksum = "ec0be4795e2f6a28069bec0b5ff3e2ac9bafc99e6a9a7dc3547996c5c816922c"

[[package]]
name = "rawpointer"
version = "0.2.1"
source = "registry+https://github.com/rust-lang/crates.io-index"
checksum = "60a357793950651c4ed0f3f52338f53b2f809f32d83a07f72909fa13e4c6c1e3"

[[package]]
name = "rustc-hash"
version = "2.1.1"
source = "registry+https://github.com/rust-lang/crates.io-index"
checksum = "357703d41365b4b27c590e3ed91eabb1b663f07c4c084095e60cbed4362dff0d"

[[package]]
name = "rustc_version"
version = "0.2.3"
source = "registry+https://github.com/rust-lang/crates.io-index"
checksum = "138e3e0acb6c9fb258b19b67cb8abd63c00679d2851805ea151465464fe9030a"
dependencies = [
 "semver",
]

[[package]]
name = "ryu"
version = "1.0.20"
source = "registry+https://github.com/rust-lang/crates.io-index"
checksum = "28d3b2b1366ec20994f1fd18c3c594f05c5dd4bc44d8bb0c1c632c8d6829481f"

[[package]]
name = "safe_arch"
version = "0.7.4"
source = "registry+https://github.com/rust-lang/crates.io-index"
checksum = "96b02de82ddbe1b636e6170c21be622223aea188ef2e139be0a5b219ec215323"
dependencies = [
 "bytemuck",
]

[[package]]
name = "semver"
version = "0.9.0"
source = "registry+https://github.com/rust-lang/crates.io-index"
checksum = "1d7eb9ef2c18661902cc47e535f9bc51b78acd254da71d375c2f6720d9a40403"
dependencies = [
 "semver-parser",
]

[[package]]
name = "semver-parser"
version = "0.7.0"
source = "registry+https://github.com/rust-lang/crates.io-index"
checksum = "388a1df253eca08550bef6c72392cfe7c30914bf41df5269b68cbd6ff8f570a3"

[[package]]
name = "serde"
version = "1.0.219"
source = "registry+https://github.com/rust-lang/crates.io-index"
checksum = "5f0e2c6ed6606019b4e29e69dbaba95b11854410e5347d525002456dbbb786b6"
dependencies = [
 "serde_derive",
]

[[package]]
name = "serde_derive"
version = "1.0.219"
source = "registry+https://github.com/rust-lang/crates.io-index"
checksum = "5b0276cf7f2c73365f7157c8123c21cd9a50fbbd844757af28ca1f5925fc2a00"
dependencies = [
 "proc-macro2",
 "quote",
 "syn",
]

[[package]]
name = "serde_json"
version = "1.0.143"
source = "registry+https://github.com/rust-lang/crates.io-index"
checksum = "d401abef1d108fbd9cbaebc3e46611f4b1021f714a0597a71f41ee463f5f4a5a"
dependencies = [
 "itoa",
 "memchr",
 "ryu",
 "serde",
]

[[package]]
name = "simba"
version = "0.9.0"
source = "registry+https://github.com/rust-lang/crates.io-index"
checksum = "b3a386a501cd104797982c15ae17aafe8b9261315b5d07e3ec803f2ea26be0fa"
dependencies = [
 "approx",
 "num-complex",
 "num-traits",
 "paste",
 "wide",
]

[[package]]
name = "stable_deref_trait"
version = "1.2.0"
source = "registry+https://github.com/rust-lang/crates.io-index"
checksum = "a8f112729512f8e442d81f95a8a7ddf2b7c6b8a1a6f509a95864142b30cab2d3"

[[package]]
name = "static_assertions"
version = "1.1.0"
source = "registry+https://github.com/rust-lang/crates.io-index"
checksum = "a2eb9349b6444b326872e140eb1cf5e7c522154d69e7a0ffb0fb81c06b37543f"

[[package]]
name = "syn"
version = "2.0.96"
source = "registry+https://github.com/rust-lang/crates.io-index"
checksum = "d5d0adab1ae378d7f53bdebc67a39f1f151407ef230f0ce2883572f5d8985c80"
dependencies = [
 "proc-macro2",
 "quote",
 "unicode-ident",
]

[[package]]
name = "tap"
version = "1.0.1"
source = "registry+https://github.com/rust-lang/crates.io-index"
checksum = "55937e1799185b12863d447f42597ed69d9928686b8d88a1df17376a097d8369"

[[package]]
name = "thiserror"
version = "1.0.69"
source = "registry+https://github.com/rust-lang/crates.io-index"
checksum = "b6aaf5339b578ea85b50e080feb250a3e8ae8cfcdff9a461c9ec2904bc923f52"
dependencies = [
 "thiserror-impl 1.0.69",
]

[[package]]
name = "thiserror"
version = "2.0.16"
source = "registry+https://github.com/rust-lang/crates.io-index"
checksum = "3467d614147380f2e4e374161426ff399c91084acd2363eaf549172b3d5e60c0"
dependencies = [
 "thiserror-impl 2.0.16",
]

[[package]]
name = "thiserror-impl"
version = "1.0.69"
source = "registry+https://github.com/rust-lang/crates.io-index"
checksum = "4fee6c4efc90059e10f81e6d42c60a18f76588c3d74cb83a0b242a2b6c7504c1"
dependencies = [
 "proc-macro2",
 "quote",
 "syn",
]

[[package]]
name = "thiserror-impl"
version = "2.0.16"
source = "registry+https://github.com/rust-lang/crates.io-index"
checksum = "6c5e1be1c48b9172ee610da68fd9cd2770e7a4056cb3fc98710ee6906f0c7960"
dependencies = [
 "proc-macro2",
 "quote",
 "syn",
]

[[package]]
name = "typenum"
version = "1.17.0"
source = "registry+https://github.com/rust-lang/crates.io-index"
checksum = "42ff0bf0c66b8238c6f3b578df37d0b7848e55df8577b3f74f92a69acceeb825"

[[package]]
name = "unicode-ident"
version = "1.0.14"
source = "registry+https://github.com/rust-lang/crates.io-index"
checksum = "adb9e6ca4f869e1180728b7950e35922a7fc6397f7b641499e8f3ef06e50dc83"

[[package]]
name = "unicode-segmentation"
version = "1.12.0"
source = "registry+https://github.com/rust-lang/crates.io-index"
checksum = "f6ccf251212114b54433ec949fd6a7841275f9ada20dddd2f29e9ceea4501493"

[[package]]
name = "unicode-width"
version = "0.1.14"
source = "registry+https://github.com/rust-lang/crates.io-index"
checksum = "7dd6e30e90baa6f72411720665d41d89b9a3d039dc45b8faea1ddd07f617f6af"

[[package]]
name = "vcell"
version = "0.1.3"
source = "registry+https://github.com/rust-lang/crates.io-index"
checksum = "77439c1b53d2303b20d9459b1ade71a83c716e3f9c34f3228c00e6f185d6c002"

[[package]]
name = "void"
version = "1.0.2"
source = "registry+https://github.com/rust-lang/crates.io-index"
checksum = "6a02e4885ed3bc0f2de90ea6dd45ebcbb66dacffe03547fadbb0eeae2770887d"

[[package]]
name = "volatile-register"
version = "0.2.2"
source = "registry+https://github.com/rust-lang/crates.io-index"
checksum = "de437e2a6208b014ab52972a27e59b33fa2920d3e00fe05026167a1c509d19cc"
dependencies = [
 "vcell",
]

[[package]]
name = "wide"
version = "0.7.33"
source = "registry+https://github.com/rust-lang/crates.io-index"
checksum = "0ce5da8ecb62bcd8ec8b7ea19f69a51275e91299be594ea5cc6ef7819e16cd03"
dependencies = [
 "bytemuck",
 "safe_arch",
]

[[package]]
name = "winnow"
version = "0.6.24"
source = "registry+https://github.com/rust-lang/crates.io-index"
checksum = "c8d71a593cc5c42ad7876e2c1fda56f314f3754c084128833e64f1345ff8a03a"
dependencies = [
 "memchr",
]

[[package]]
name = "winnow"
version = "0.7.13"
source = "registry+https://github.com/rust-lang/crates.io-index"
checksum = "21a0236b59786fed61e2a80582dd500fe61f18b5dca67a4a067d0bc9039339cf"
dependencies = [
 "memchr",
]

[[package]]
name = "wyz"
version = "0.5.1"
source = "registry+https://github.com/rust-lang/crates.io-index"
checksum = "05f360fc0b24296329c78fda852a1e9ae82de9cf7b27dae4b7f62f118f77b9ed"
dependencies = [
 "tap",
]
